
Microsoft Visual Studio Solution File, Format Version 12.00
# Visual Studio 2013
VisualStudioVersion = 12.0.30501.0
MinimumVisualStudioVersion = 10.0.40219.1
Project("{FAE04EC0-301F-11D3-BF4B-00C04F79EFBC}") = "FreeImage.NET", "FreeImage.NET\FreeImage.NET.csproj", "{6598A7CD-8F27-4D3F-A675-5AE63113A7C3}"
EndProject
Project("{7CF6DF6D-3B04-46F8-A40B-537D21BCA0B4}") = "Documentation", "Documentation\Documentation.shfbproj", "{AF3E483B-89C3-46CF-A7DE-F461BB0714F7}"
	ProjectSection(ProjectDependencies) = postProject
		{6598A7CD-8F27-4D3F-A675-5AE63113A7C3} = {6598A7CD-8F27-4D3F-A675-5AE63113A7C3}
	EndProjectSection
EndProject
Project("{FAE04EC0-301F-11D3-BF4B-00C04F79EFBC}") = "FreeImage.Test", "FreeImage.Test\FreeImage.Test.csproj", "{86250480-7EEC-444C-9252-836BE7762231}"
EndProject
Global
	GlobalSection(TeamFoundationVersionControl) = preSolution
		SccNumberOfProjects = 2
		SccEnterpriseProvider = {4CA58AB2-18FA-4F8D-95D4-32DDF27D184C}
		SccTeamFoundationServer = https://tfs.codeplex.com/tfs/tfs40
		SccProjectUniqueName0 = Documentation\\Documentation.shfbproj
		SccProjectName0 = Documentation
		SccAuxPath0 = https://tfs.codeplex.com/tfs/tfs40
		SccLocalPath0 = Documentation
		SccProvider0 = {4CA58AB2-18FA-4F8D-95D4-32DDF27D184C}
		SccProjectUniqueName1 = FreeImage.NET\\FreeImage.NET.csproj
		SccProjectName1 = FreeImage.NET
		SccAuxPath1 = https://tfs.codeplex.com/tfs/tfs40
		SccLocalPath1 = FreeImage.NET
		SccProvider1 = {4CA58AB2-18FA-4F8D-95D4-32DDF27D184C}
	EndGlobalSection
	GlobalSection(SolutionConfigurationPlatforms) = preSolution
		Debug|Any CPU = Debug|Any CPU
		Debug|x64 = Debug|x64
		Debug|x86 = Debug|x86
		Release|Any CPU = Release|Any CPU
		Release|x64 = Release|x64
		Release|x86 = Release|x86
	EndGlobalSection
	GlobalSection(ProjectConfigurationPlatforms) = postSolution
		{6598A7CD-8F27-4D3F-A675-5AE63113A7C3}.Debug|Any CPU.ActiveCfg = Debug|x86
		{6598A7CD-8F27-4D3F-A675-5AE63113A7C3}.Debug|Any CPU.Build.0 = Debug|x86
		{6598A7CD-8F27-4D3F-A675-5AE63113A7C3}.Debug|x64.ActiveCfg = Debug|x64
		{6598A7CD-8F27-4D3F-A675-5AE63113A7C3}.Debug|x64.Build.0 = Debug|x64
		{6598A7CD-8F27-4D3F-A675-5AE63113A7C3}.Debug|x86.ActiveCfg = Debug|x86
		{6598A7CD-8F27-4D3F-A675-5AE63113A7C3}.Debug|x86.Build.0 = Debug|x86
		{6598A7CD-8F27-4D3F-A675-5AE63113A7C3}.Release|Any CPU.ActiveCfg = Release|x86
		{6598A7CD-8F27-4D3F-A675-5AE63113A7C3}.Release|Any CPU.Build.0 = Release|x86
		{6598A7CD-8F27-4D3F-A675-5AE63113A7C3}.Release|x64.ActiveCfg = Release|x64
		{6598A7CD-8F27-4D3F-A675-5AE63113A7C3}.Release|x64.Build.0 = Release|x64
		{6598A7CD-8F27-4D3F-A675-5AE63113A7C3}.Release|x86.ActiveCfg = Release|x86
		{6598A7CD-8F27-4D3F-A675-5AE63113A7C3}.Release|x86.Build.0 = Release|x86
		{AF3E483B-89C3-46CF-A7DE-F461BB0714F7}.Debug|Any CPU.ActiveCfg = Debug|Any CPU
		{AF3E483B-89C3-46CF-A7DE-F461BB0714F7}.Debug|Any CPU.Build.0 = Debug|Any CPU
		{AF3E483B-89C3-46CF-A7DE-F461BB0714F7}.Debug|x64.ActiveCfg = Debug|Any CPU
		{AF3E483B-89C3-46CF-A7DE-F461BB0714F7}.Debug|x86.ActiveCfg = Debug|Any CPU
		{AF3E483B-89C3-46CF-A7DE-F461BB0714F7}.Release|Any CPU.ActiveCfg = Release|Any CPU
		{AF3E483B-89C3-46CF-A7DE-F461BB0714F7}.Release|Any CPU.Build.0 = Release|Any CPU
		{AF3E483B-89C3-46CF-A7DE-F461BB0714F7}.Release|x64.ActiveCfg = Release|Any CPU
		{AF3E483B-89C3-46CF-A7DE-F461BB0714F7}.Release|x86.ActiveCfg = Release|Any CPU
		{86250480-7EEC-444C-9252-836BE7762231}.Debug|Any CPU.ActiveCfg = Debug|Any CPU
		{86250480-7EEC-444C-9252-836BE7762231}.Debug|Any CPU.Build.0 = Debug|Any CPU
		{86250480-7EEC-444C-9252-836BE7762231}.Debug|x64.ActiveCfg = Debug|Any CPU
		{86250480-7EEC-444C-9252-836BE7762231}.Debug|x86.ActiveCfg = Debug|Any CPU
		{86250480-7EEC-444C-9252-836BE7762231}.Release|Any CPU.ActiveCfg = Release|Any CPU
		{86250480-7EEC-444C-9252-836BE7762231}.Release|Any CPU.Build.0 = Release|Any CPU
		{86250480-7EEC-444C-9252-836BE7762231}.Release|x64.ActiveCfg = Release|Any CPU
		{86250480-7EEC-444C-9252-836BE7762231}.Release|x86.ActiveCfg = Release|Any CPU
	EndGlobalSection
	GlobalSection(SolutionProperties) = preSolution
		HideSolutionNode = FALSE
	EndGlobalSection
EndGlobal
