
Microsoft Visual Studio Solution File, Format Version 12.00
# Visual Studio Version 17
VisualStudioVersion = 17.1.32228.430
MinimumVisualStudioVersion = 10.0.40219.1
Project("{FAE04EC0-301F-11D3-BF4B-00C04F79EFBC}") = "FreeImage.NET", "FreeImage.NET\FreeImage.NET.csproj", "{6598A7CD-8F27-4D3F-A675-5AE63113A7C3}"
EndProject
Project("{FAE04EC0-301F-11D3-BF4B-00C04F79EFBC}") = "UnitTest", "UnitTest\UnitTest.csproj", "{FC7B3A04-FACE-4F07-9CFD-8C6ED06E3CDC}"
EndProject
Global
	GlobalSection(SolutionConfigurationPlatforms) = preSolution
		Debug|Any CPU = Debug|Any CPU
		Debug|x64 = Debug|x64
		Debug|x86 = Debug|x86
		Release|Any CPU = Release|Any CPU
		Release|x64 = Release|x64
		Release|x86 = Release|x86
	EndGlobalSection
	GlobalSection(ProjectConfigurationPlatforms) = postSolution
		{6598A7CD-8F27-4D3F-A675-5AE63113A7C3}.Debug|Any CPU.ActiveCfg = Debug|x86
		{6598A7CD-8F27-4D3F-A675-5AE63113A7C3}.Debug|Any CPU.Build.0 = Debug|x86
		{6598A7CD-8F27-4D3F-A675-5AE63113A7C3}.Debug|x64.ActiveCfg = Debug|x64
		{6598A7CD-8F27-4D3F-A675-5AE63113A7C3}.Debug|x64.Build.0 = Debug|x64
		{6598A7CD-8F27-4D3F-A675-5AE63113A7C3}.Debug|x86.ActiveCfg = Debug|x86
		{6598A7CD-8F27-4D3F-A675-5AE63113A7C3}.Debug|x86.Build.0 = Debug|x86
		{6598A7CD-8F27-4D3F-A675-5AE63113A7C3}.Release|Any CPU.ActiveCfg = Release|x86
		{6598A7CD-8F27-4D3F-A675-5AE63113A7C3}.Release|Any CPU.Build.0 = Release|x86
		{6598A7CD-8F27-4D3F-A675-5AE63113A7C3}.Release|x64.ActiveCfg = Release|x64
		{6598A7CD-8F27-4D3F-A675-5AE63113A7C3}.Release|x64.Build.0 = Release|x64
		{6598A7CD-8F27-4D3F-A675-5AE63113A7C3}.Release|x86.ActiveCfg = Release|x86
		{6598A7CD-8F27-4D3F-A675-5AE63113A7C3}.Release|x86.Build.0 = Release|x86
		{FC7B3A04-FACE-4F07-9CFD-8C6ED06E3CDC}.Debug|Any CPU.ActiveCfg = Debug|Any CPU
		{FC7B3A04-FACE-4F07-9CFD-8C6ED06E3CDC}.Debug|Any CPU.Build.0 = Debug|Any CPU
		{FC7B3A04-FACE-4F07-9CFD-8C6ED06E3CDC}.Debug|x64.ActiveCfg = Debug|x64
		{FC7B3A04-FACE-4F07-9CFD-8C6ED06E3CDC}.Debug|x64.Build.0 = Debug|x64
		{FC7B3A04-FACE-4F07-9CFD-8C6ED06E3CDC}.Debug|x86.ActiveCfg = Debug|x86
		{FC7B3A04-FACE-4F07-9CFD-8C6ED06E3CDC}.Debug|x86.Build.0 = Debug|x86
		{FC7B3A04-FACE-4F07-9CFD-8C6ED06E3CDC}.Release|Any CPU.ActiveCfg = Release|Any CPU
		{FC7B3A04-FACE-4F07-9CFD-8C6ED06E3CDC}.Release|Any CPU.Build.0 = Release|Any CPU
		{FC7B3A04-FACE-4F07-9CFD-8C6ED06E3CDC}.Release|x64.ActiveCfg = Release|x64
		{FC7B3A04-FACE-4F07-9CFD-8C6ED06E3CDC}.Release|x64.Build.0 = Release|x64
		{FC7B3A04-FACE-4F07-9CFD-8C6ED06E3CDC}.Release|x86.ActiveCfg = Release|x86
		{FC7B3A04-FACE-4F07-9CFD-8C6ED06E3CDC}.Release|x86.Build.0 = Release|x86
	EndGlobalSection
	GlobalSection(SolutionProperties) = preSolution
		HideSolutionNode = FALSE
	EndGlobalSection
	GlobalSection(ExtensibilityGlobals) = postSolution
		SolutionGuid = {299FF46A-8DAA-4335-898A-B9E6D2892592}
	EndGlobalSection
EndGlobal
